
Microsoft Visual Studio Solution File, Format Version 12.00
# Visual Studio Version 17
VisualStudioVersion = 17.3.32901.215
MinimumVisualStudioVersion = 10.0.40219.1
Project("{FAE04EC0-301F-11D3-BF4B-00C04F79EFBC}") = "StrategyAndChainOfResponsibilityPattern", "StrategyAndChainOfResponsibilityPattern\StrategyAndChainOfResponsibilityPattern.csproj", "{70A2034D-0862-4870-9190-CCEB2DB76F01}"
EndProject
Global
	GlobalSection(SolutionConfigurationPlatforms) = preSolution
		Debug|Any CPU = Debug|Any CPU
		Release|Any CPU = Release|Any CPU
	EndGlobalSection
	GlobalSection(ProjectConfigurationPlatforms) = postSolution
		{70A2034D-0862-4870-9190-CCEB2DB76F01}.Debug|Any CPU.ActiveCfg = Debug|Any CPU
		{70A2034D-0862-4870-9190-CCEB2DB76F01}.Debug|Any CPU.Build.0 = Debug|Any CPU
		{70A2034D-0862-4870-9190-CCEB2DB76F01}.Release|Any CPU.ActiveCfg = Release|Any CPU
		{70A2034D-0862-4870-9190-CCEB2DB76F01}.Release|Any CPU.Build.0 = Release|Any CPU
	EndGlobalSection
	GlobalSection(SolutionProperties) = preSolution
		HideSolutionNode = FALSE
	EndGlobalSection
	GlobalSection(ExtensibilityGlobals) = postSolution
		SolutionGuid = {9156E35E-C21F-4843-8962-F4454FE23733}
	EndGlobalSection
EndGlobal
